
Microsoft Visual Studio Solution File, Format Version 12.00
Project("{FAE04EC0-301F-11D3-BF4B-00C04F79EFBC}") = "Bank.Admin.Api", "Bank.Admin.Api\Bank.Admin.Api.csproj", "{A5FAECDE-FFE0-46D3-A64E-3300B16852D4}"
EndProject
Project("{2150E333-8FDC-42A3-9474-1A3956D46DE8}") = "Infrastructure", "Infrastructure", "{318EF62A-27E3-45A7-9743-5073773583DF}"
EndProject
Project("{FAE04EC0-301F-11D3-BF4B-00C04F79EFBC}") = "Service", "Service\Service.csproj", "{F56DC665-C278-4D0E-979D-2C76E5A7F059}"
EndProject
Project("{FAE04EC0-301F-11D3-BF4B-00C04F79EFBC}") = "Entities", "Entities\Entities.csproj", "{E4FB7799-D944-4BCA-95DB-EEBFCF31EBE5}"
EndProject
Project("{FAE04EC0-301F-11D3-BF4B-00C04F79EFBC}") = "Service.Contracts", "Service.Contracts\Service.Contracts.csproj", "{A226677A-BF4D-458D-8B3A-B3B628B83A14}"
EndProject
Project("{FAE04EC0-301F-11D3-BF4B-00C04F79EFBC}") = "Shared", "Shared\Shared.csproj", "{29E6C8C4-B19E-4260-B5B5-A03F464EB218}"
EndProject
Project("{FAE04EC0-301F-11D3-BF4B-00C04F79EFBC}") = "Repository", "Repository\Repository.csproj", "{4E48AA43-D1F6-4D76-B983-954D77B6BD91}"
EndProject
Project("{FAE04EC0-301F-11D3-BF4B-00C04F79EFBC}") = "Repository.Contracts", "Repository.Contracts\Repository.Contracts.csproj", "{1D61CDB2-CF20-4527-B276-5CFFCD0AE055}"
EndProject
Global
	GlobalSection(SolutionConfigurationPlatforms) = preSolution
		Debug|Any CPU = Debug|Any CPU
		Release|Any CPU = Release|Any CPU
	EndGlobalSection
	GlobalSection(ProjectConfigurationPlatforms) = postSolution
		{A5FAECDE-FFE0-46D3-A64E-3300B16852D4}.Debug|Any CPU.ActiveCfg = Debug|Any CPU
		{A5FAECDE-FFE0-46D3-A64E-3300B16852D4}.Debug|Any CPU.Build.0 = Debug|Any CPU
		{A5FAECDE-FFE0-46D3-A64E-3300B16852D4}.Release|Any CPU.ActiveCfg = Release|Any CPU
		{A5FAECDE-FFE0-46D3-A64E-3300B16852D4}.Release|Any CPU.Build.0 = Release|Any CPU
		{F56DC665-C278-4D0E-979D-2C76E5A7F059}.Debug|Any CPU.ActiveCfg = Debug|Any CPU
		{F56DC665-C278-4D0E-979D-2C76E5A7F059}.Debug|Any CPU.Build.0 = Debug|Any CPU
		{F56DC665-C278-4D0E-979D-2C76E5A7F059}.Release|Any CPU.ActiveCfg = Release|Any CPU
		{F56DC665-C278-4D0E-979D-2C76E5A7F059}.Release|Any CPU.Build.0 = Release|Any CPU
		{E4FB7799-D944-4BCA-95DB-EEBFCF31EBE5}.Debug|Any CPU.ActiveCfg = Debug|Any CPU
		{E4FB7799-D944-4BCA-95DB-EEBFCF31EBE5}.Debug|Any CPU.Build.0 = Debug|Any CPU
		{E4FB7799-D944-4BCA-95DB-EEBFCF31EBE5}.Release|Any CPU.ActiveCfg = Release|Any CPU
		{E4FB7799-D944-4BCA-95DB-EEBFCF31EBE5}.Release|Any CPU.Build.0 = Release|Any CPU
		{A226677A-BF4D-458D-8B3A-B3B628B83A14}.Debug|Any CPU.ActiveCfg = Debug|Any CPU
		{A226677A-BF4D-458D-8B3A-B3B628B83A14}.Debug|Any CPU.Build.0 = Debug|Any CPU
		{A226677A-BF4D-458D-8B3A-B3B628B83A14}.Release|Any CPU.ActiveCfg = Release|Any CPU
		{A226677A-BF4D-458D-8B3A-B3B628B83A14}.Release|Any CPU.Build.0 = Release|Any CPU
		{29E6C8C4-B19E-4260-B5B5-A03F464EB218}.Debug|Any CPU.ActiveCfg = Debug|Any CPU
		{29E6C8C4-B19E-4260-B5B5-A03F464EB218}.Debug|Any CPU.Build.0 = Debug|Any CPU
		{29E6C8C4-B19E-4260-B5B5-A03F464EB218}.Release|Any CPU.ActiveCfg = Release|Any CPU
		{29E6C8C4-B19E-4260-B5B5-A03F464EB218}.Release|Any CPU.Build.0 = Release|Any CPU
		{4E48AA43-D1F6-4D76-B983-954D77B6BD91}.Debug|Any CPU.ActiveCfg = Debug|Any CPU
		{4E48AA43-D1F6-4D76-B983-954D77B6BD91}.Debug|Any CPU.Build.0 = Debug|Any CPU
		{4E48AA43-D1F6-4D76-B983-954D77B6BD91}.Release|Any CPU.ActiveCfg = Release|Any CPU
		{4E48AA43-D1F6-4D76-B983-954D77B6BD91}.Release|Any CPU.Build.0 = Release|Any CPU
		{1D61CDB2-CF20-4527-B276-5CFFCD0AE055}.Debug|Any CPU.ActiveCfg = Debug|Any CPU
		{1D61CDB2-CF20-4527-B276-5CFFCD0AE055}.Debug|Any CPU.Build.0 = Debug|Any CPU
		{1D61CDB2-CF20-4527-B276-5CFFCD0AE055}.Release|Any CPU.ActiveCfg = Release|Any CPU
		{1D61CDB2-CF20-4527-B276-5CFFCD0AE055}.Release|Any CPU.Build.0 = Release|Any CPU
	EndGlobalSection
	GlobalSection(NestedProjects) = preSolution
		{F56DC665-C278-4D0E-979D-2C76E5A7F059} = {318EF62A-27E3-45A7-9743-5073773583DF}
		{E4FB7799-D944-4BCA-95DB-EEBFCF31EBE5} = {318EF62A-27E3-45A7-9743-5073773583DF}
		{A226677A-BF4D-458D-8B3A-B3B628B83A14} = {318EF62A-27E3-45A7-9743-5073773583DF}
		{29E6C8C4-B19E-4260-B5B5-A03F464EB218} = {318EF62A-27E3-45A7-9743-5073773583DF}
		{4E48AA43-D1F6-4D76-B983-954D77B6BD91} = {318EF62A-27E3-45A7-9743-5073773583DF}
		{1D61CDB2-CF20-4527-B276-5CFFCD0AE055} = {318EF62A-27E3-45A7-9743-5073773583DF}
	EndGlobalSection
EndGlobal
